// !$*UTF8*$!
{
	archiveVersion = 1;
	classes = {
	};
	objectVersion = 56;
	objects = {

/* Begin PBXBuildFile section */
		E1600C2B2B3E4A580088E27B /* SearchBarViewModel.swift in Sources */ = {isa = PBXBuildFile; fileRef = E1600C2A2B3E4A580088E27B /* SearchBarViewModel.swift */; };
		E1600C2D2B3E4C7B0088E27B /* FilterViewModel.swift in Sources */ = {isa = PBXBuildFile; fileRef = E1600C2C2B3E4C7B0088E27B /* FilterViewModel.swift */; };
		E175B1F5296CE16200C923DF /* AlertActionConvertible.swift in Sources */ = {isa = PBXBuildFile; fileRef = E175B1F4296CE16200C923DF /* AlertActionConvertible.swift */; };
		E19D9A09296E37BE00B3A972 /* DKBlog.swift in Sources */ = {isa = PBXBuildFile; fileRef = E19D9A08296E37BE00B3A972 /* DKBlog.swift */; };
		E19D9A0C296E3BE400B3A972 /* SearchBlogAPI.swift in Sources */ = {isa = PBXBuildFile; fileRef = E19D9A0B296E3BE400B3A972 /* SearchBlogAPI.swift */; };
		E19D9A0E296E3CDD00B3A972 /* SearchBlogNetwork.swift in Sources */ = {isa = PBXBuildFile; fileRef = E19D9A0D296E3CDD00B3A972 /* SearchBlogNetwork.swift */; };
		E1C1988A296B8C56003F244B /* AppDelegate.swift in Sources */ = {isa = PBXBuildFile; fileRef = E1C19889296B8C56003F244B /* AppDelegate.swift */; };
		E1C1988C296B8C56003F244B /* SceneDelegate.swift in Sources */ = {isa = PBXBuildFile; fileRef = E1C1988B296B8C56003F244B /* SceneDelegate.swift */; };
		E1C19893296B8C57003F244B /* Assets.xcassets in Resources */ = {isa = PBXBuildFile; fileRef = E1C19892296B8C57003F244B /* Assets.xcassets */; };
		E1C19896296B8C57003F244B /* LaunchScreen.storyboard in Resources */ = {isa = PBXBuildFile; fileRef = E1C19894296B8C57003F244B /* LaunchScreen.storyboard */; };
		E1C198A1296B8C57003F244B /* MyBlogTests.swift in Sources */ = {isa = PBXBuildFile; fileRef = E1C198A0296B8C57003F244B /* MyBlogTests.swift */; };
		E1C198AB296B8C57003F244B /* MyBlogUITests.swift in Sources */ = {isa = PBXBuildFile; fileRef = E1C198AA296B8C57003F244B /* MyBlogUITests.swift */; };
		E1C198AD296B8C57003F244B /* MyBlogUITestsLaunchTests.swift in Sources */ = {isa = PBXBuildFile; fileRef = E1C198AC296B8C57003F244B /* MyBlogUITestsLaunchTests.swift */; };
		E1C198BB296B8E0D003F244B /* RxCocoa in Frameworks */ = {isa = PBXBuildFile; productRef = E1C198BA296B8E0D003F244B /* RxCocoa */; };
		E1C198BD296B8E0D003F244B /* RxRelay in Frameworks */ = {isa = PBXBuildFile; productRef = E1C198BC296B8E0D003F244B /* RxRelay */; };
		E1C198BF296B8E0D003F244B /* RxSwift in Frameworks */ = {isa = PBXBuildFile; productRef = E1C198BE296B8E0D003F244B /* RxSwift */; };
		E1C198C2296B8E38003F244B /* Kingfisher in Frameworks */ = {isa = PBXBuildFile; productRef = E1C198C1296B8E38003F244B /* Kingfisher */; };
		E1C198C5296B8E51003F244B /* SnapKit in Frameworks */ = {isa = PBXBuildFile; productRef = E1C198C4296B8E51003F244B /* SnapKit */; };
		E1C198C7296B8E7F003F244B /* MainViewController.swift in Sources */ = {isa = PBXBuildFile; fileRef = E1C198C6296B8E7F003F244B /* MainViewController.swift */; };
		E1C198C9296B8FAB003F244B /* SearchBar.swift in Sources */ = {isa = PBXBuildFile; fileRef = E1C198C8296B8FAB003F244B /* SearchBar.swift */; };
		E1C198CB296B961F003F244B /* FilterView.swift in Sources */ = {isa = PBXBuildFile; fileRef = E1C198CA296B961F003F244B /* FilterView.swift */; };
		E1C198CD296B98A0003F244B /* BlogList.swift in Sources */ = {isa = PBXBuildFile; fileRef = E1C198CC296B98A0003F244B /* BlogList.swift */; };
		E1C198CF296B98BD003F244B /* BlogListCell.swift in Sources */ = {isa = PBXBuildFile; fileRef = E1C198CE296B98BD003F244B /* BlogListCell.swift */; };
		E1C198D1296B98C3003F244B /* BlogListCellData.swift in Sources */ = {isa = PBXBuildFile; fileRef = E1C198D0296B98C3003F244B /* BlogListCellData.swift */; };
/* End PBXBuildFile section */

/* Begin PBXContainerItemProxy section */
		E1C1989D296B8C57003F244B /* PBXContainerItemProxy */ = {
			isa = PBXContainerItemProxy;
			containerPortal = E1C1987E296B8C56003F244B /* Project object */;
			proxyType = 1;
			remoteGlobalIDString = E1C19885296B8C56003F244B;
			remoteInfo = MyBlog;
		};
		E1C198A7296B8C57003F244B /* PBXContainerItemProxy */ = {
			isa = PBXContainerItemProxy;
			containerPortal = E1C1987E296B8C56003F244B /* Project object */;
			proxyType = 1;
			remoteGlobalIDString = E1C19885296B8C56003F244B;
			remoteInfo = MyBlog;
		};
/* End PBXContainerItemProxy section */

/* Begin PBXFileReference section */
		E1600C2A2B3E4A580088E27B /* SearchBarViewModel.swift */ = {isa = PBXFileReference; lastKnownFileType = sourcecode.swift; path = SearchBarViewModel.swift; sourceTree = "<group>"; };
		E1600C2C2B3E4C7B0088E27B /* FilterViewModel.swift */ = {isa = PBXFileReference; lastKnownFileType = sourcecode.swift; path = FilterViewModel.swift; sourceTree = "<group>"; };
		E175B1F4296CE16200C923DF /* AlertActionConvertible.swift */ = {isa = PBXFileReference; lastKnownFileType = sourcecode.swift; path = AlertActionConvertible.swift; sourceTree = "<group>"; };
		E19D9A08296E37BE00B3A972 /* DKBlog.swift */ = {isa = PBXFileReference; lastKnownFileType = sourcecode.swift; path = DKBlog.swift; sourceTree = "<group>"; };
		E19D9A0B296E3BE400B3A972 /* SearchBlogAPI.swift */ = {isa = PBXFileReference; lastKnownFileType = sourcecode.swift; path = SearchBlogAPI.swift; sourceTree = "<group>"; };
		E19D9A0D296E3CDD00B3A972 /* SearchBlogNetwork.swift */ = {isa = PBXFileReference; lastKnownFileType = sourcecode.swift; path = SearchBlogNetwork.swift; sourceTree = "<group>"; };
		E1C19886296B8C56003F244B /* MyBlog.app */ = {isa = PBXFileReference; explicitFileType = wrapper.application; includeInIndex = 0; path = MyBlog.app; sourceTree = BUILT_PRODUCTS_DIR; };
		E1C19889296B8C56003F244B /* AppDelegate.swift */ = {isa = PBXFileReference; lastKnownFileType = sourcecode.swift; path = AppDelegate.swift; sourceTree = "<group>"; };
		E1C1988B296B8C56003F244B /* SceneDelegate.swift */ = {isa = PBXFileReference; lastKnownFileType = sourcecode.swift; path = SceneDelegate.swift; sourceTree = "<group>"; };
		E1C19892296B8C57003F244B /* Assets.xcassets */ = {isa = PBXFileReference; lastKnownFileType = folder.assetcatalog; path = Assets.xcassets; sourceTree = "<group>"; };
		E1C19895296B8C57003F244B /* Base */ = {isa = PBXFileReference; lastKnownFileType = file.storyboard; name = Base; path = Base.lproj/LaunchScreen.storyboard; sourceTree = "<group>"; };
		E1C19897296B8C57003F244B /* Info.plist */ = {isa = PBXFileReference; lastKnownFileType = text.plist.xml; path = Info.plist; sourceTree = "<group>"; };
		E1C1989C296B8C57003F244B /* MyBlogTests.xctest */ = {isa = PBXFileReference; explicitFileType = wrapper.cfbundle; includeInIndex = 0; path = MyBlogTests.xctest; sourceTree = BUILT_PRODUCTS_DIR; };
		E1C198A0296B8C57003F244B /* MyBlogTests.swift */ = {isa = PBXFileReference; lastKnownFileType = sourcecode.swift; path = MyBlogTests.swift; sourceTree = "<group>"; };
		E1C198A6296B8C57003F244B /* MyBlogUITests.xctest */ = {isa = PBXFileReference; explicitFileType = wrapper.cfbundle; includeInIndex = 0; path = MyBlogUITests.xctest; sourceTree = BUILT_PRODUCTS_DIR; };
		E1C198AA296B8C57003F244B /* MyBlogUITests.swift */ = {isa = PBXFileReference; lastKnownFileType = sourcecode.swift; path = MyBlogUITests.swift; sourceTree = "<group>"; };
		E1C198AC296B8C57003F244B /* MyBlogUITestsLaunchTests.swift */ = {isa = PBXFileReference; lastKnownFileType = sourcecode.swift; path = MyBlogUITestsLaunchTests.swift; sourceTree = "<group>"; };
		E1C198C6296B8E7F003F244B /* MainViewController.swift */ = {isa = PBXFileReference; lastKnownFileType = sourcecode.swift; path = MainViewController.swift; sourceTree = "<group>"; };
		E1C198C8296B8FAB003F244B /* SearchBar.swift */ = {isa = PBXFileReference; lastKnownFileType = sourcecode.swift; path = SearchBar.swift; sourceTree = "<group>"; };
		E1C198CA296B961F003F244B /* FilterView.swift */ = {isa = PBXFileReference; lastKnownFileType = sourcecode.swift; path = FilterView.swift; sourceTree = "<group>"; };
		E1C198CC296B98A0003F244B /* BlogList.swift */ = {isa = PBXFileReference; lastKnownFileType = sourcecode.swift; path = BlogList.swift; sourceTree = "<group>"; };
		E1C198CE296B98BD003F244B /* BlogListCell.swift */ = {isa = PBXFileReference; lastKnownFileType = sourcecode.swift; path = BlogListCell.swift; sourceTree = "<group>"; };
		E1C198D0296B98C3003F244B /* BlogListCellData.swift */ = {isa = PBXFileReference; lastKnownFileType = sourcecode.swift; path = BlogListCellData.swift; sourceTree = "<group>"; };
/* End PBXFileReference section */

/* Begin PBXFrameworksBuildPhase section */
		E1C19883296B8C56003F244B /* Frameworks */ = {
			isa = PBXFrameworksBuildPhase;
			buildActionMask = 2147483647;
			files = (
				E1C198C2296B8E38003F244B /* Kingfisher in Frameworks */,
				E1C198BF296B8E0D003F244B /* RxSwift in Frameworks */,
				E1C198BD296B8E0D003F244B /* RxRelay in Frameworks */,
				E1C198BB296B8E0D003F244B /* RxCocoa in Frameworks */,
				E1C198C5296B8E51003F244B /* SnapKit in Frameworks */,
			);
			runOnlyForDeploymentPostprocessing = 0;
		};
		E1C19899296B8C57003F244B /* Frameworks */ = {
			isa = PBXFrameworksBuildPhase;
			buildActionMask = 2147483647;
			files = (
			);
			runOnlyForDeploymentPostprocessing = 0;
		};
		E1C198A3296B8C57003F244B /* Frameworks */ = {
			isa = PBXFrameworksBuildPhase;
			buildActionMask = 2147483647;
			files = (
			);
			runOnlyForDeploymentPostprocessing = 0;
		};
/* End PBXFrameworksBuildPhase section */

/* Begin PBXGroup section */
		E1600C2F2B3E4CA20088E27B /* FilterView */ = {
			isa = PBXGroup;
			children = (
				E1C198CA296B961F003F244B /* FilterView.swift */,
				E1600C2C2B3E4C7B0088E27B /* FilterViewModel.swift */,
			);
			path = FilterView;
			sourceTree = "<group>";
		};
		E175B1EF296CE05200C923DF /* MainViewController */ = {
			isa = PBXGroup;
			children = (
				E1C198C6296B8E7F003F244B /* MainViewController.swift */,
				E175B1F0296CE06000C923DF /* SubComponents */,
			);
			path = MainViewController;
			sourceTree = "<group>";
		};
		E175B1F0296CE06000C923DF /* SubComponents */ = {
			isa = PBXGroup;
			children = (
				E175B1F1296CE06A00C923DF /* SearchBar */,
				E175B1F2296CE07300C923DF /* BlogListView */,
			);
			path = SubComponents;
			sourceTree = "<group>";
		};
		E175B1F1296CE06A00C923DF /* SearchBar */ = {
			isa = PBXGroup;
			children = (
				E1C198C8296B8FAB003F244B /* SearchBar.swift */,
				E1600C2A2B3E4A580088E27B /* SearchBarViewModel.swift */,
			);
			path = SearchBar;
			sourceTree = "<group>";
		};
		E175B1F2296CE07300C923DF /* BlogListView */ = {
			isa = PBXGroup;
			children = (
				E175B1F3296CE08D00C923DF /* SubComponents */,
				E1C198CC296B98A0003F244B /* BlogList.swift */,
			);
			path = BlogListView;
			sourceTree = "<group>";
		};
		E175B1F3296CE08D00C923DF /* SubComponents */ = {
			isa = PBXGroup;
			children = (
				E1600C2F2B3E4CA20088E27B /* FilterView */,
				E1C198CE296B98BD003F244B /* BlogListCell.swift */,
			);
			path = SubComponents;
			sourceTree = "<group>";
		};
		E19D9A0A296E3BD500B3A972 /* Network */ = {
			isa = PBXGroup;
			children = (
				E19D9A0B296E3BE400B3A972 /* SearchBlogAPI.swift */,
				E19D9A0D296E3CDD00B3A972 /* SearchBlogNetwork.swift */,
			);
			path = Network;
			sourceTree = "<group>";
		};
		E1C1987D296B8C56003F244B = {
			isa = PBXGroup;
			children = (
				E1C19888296B8C56003F244B /* MyBlog */,
				E1C1989F296B8C57003F244B /* MyBlogTests */,
				E1C198A9296B8C57003F244B /* MyBlogUITests */,
				E1C19887296B8C56003F244B /* Products */,
			);
			sourceTree = "<group>";
		};
		E1C19887296B8C56003F244B /* Products */ = {
			isa = PBXGroup;
			children = (
				E1C19886296B8C56003F244B /* MyBlog.app */,
				E1C1989C296B8C57003F244B /* MyBlogTests.xctest */,
				E1C198A6296B8C57003F244B /* MyBlogUITests.xctest */,
			);
			name = Products;
			sourceTree = "<group>";
		};
		E1C19888296B8C56003F244B /* MyBlog */ = {
			isa = PBXGroup;
			children = (
				E1C19889296B8C56003F244B /* AppDelegate.swift */,
				E1C1988B296B8C56003F244B /* SceneDelegate.swift */,
				E1C19892296B8C57003F244B /* Assets.xcassets */,
				E1C19894296B8C57003F244B /* LaunchScreen.storyboard */,
				E1C19897296B8C57003F244B /* Info.plist */,
				E1C198D4296B98E3003F244B /* Entities */,
				E19D9A0A296E3BD500B3A972 /* Network */,
				E1C198D3296B98DA003F244B /* Presentation */,
			);
			path = MyBlog;
			sourceTree = "<group>";
		};
		E1C1989F296B8C57003F244B /* MyBlogTests */ = {
			isa = PBXGroup;
			children = (
				E1C198A0296B8C57003F244B /* MyBlogTests.swift */,
			);
			path = MyBlogTests;
			sourceTree = "<group>";
		};
		E1C198A9296B8C57003F244B /* MyBlogUITests */ = {
			isa = PBXGroup;
			children = (
				E1C198AA296B8C57003F244B /* MyBlogUITests.swift */,
				E1C198AC296B8C57003F244B /* MyBlogUITestsLaunchTests.swift */,
			);
			path = MyBlogUITests;
			sourceTree = "<group>";
		};
		E1C198D3296B98DA003F244B /* Presentation */ = {
			isa = PBXGroup;
			children = (
				E175B1EF296CE05200C923DF /* MainViewController */,
			);
			path = Presentation;
			sourceTree = "<group>";
		};
		E1C198D4296B98E3003F244B /* Entities */ = {
			isa = PBXGroup;
			children = (
				E1C198D0296B98C3003F244B /* BlogListCellData.swift */,
				E175B1F4296CE16200C923DF /* AlertActionConvertible.swift */,
				E19D9A08296E37BE00B3A972 /* DKBlog.swift */,
			);
			path = Entities;
			sourceTree = "<group>";
		};
/* End PBXGroup section */

/* Begin PBXNativeTarget section */
		E1C19885296B8C56003F244B /* MyBlog */ = {
			isa = PBXNativeTarget;
			buildConfigurationList = E1C198B0296B8C57003F244B /* Build configuration list for PBXNativeTarget "MyBlog" */;
			buildPhases = (
				E1C19882296B8C56003F244B /* Sources */,
				E1C19883296B8C56003F244B /* Frameworks */,
				E1C19884296B8C56003F244B /* Resources */,
			);
			buildRules = (
			);
			dependencies = (
			);
			name = MyBlog;
			packageProductDependencies = (
				E1C198BA296B8E0D003F244B /* RxCocoa */,
				E1C198BC296B8E0D003F244B /* RxRelay */,
				E1C198BE296B8E0D003F244B /* RxSwift */,
				E1C198C1296B8E38003F244B /* Kingfisher */,
				E1C198C4296B8E51003F244B /* SnapKit */,
			);
			productName = MyBlog;
			productReference = E1C19886296B8C56003F244B /* MyBlog.app */;
			productType = "com.apple.product-type.application";
		};
		E1C1989B296B8C57003F244B /* MyBlogTests */ = {
			isa = PBXNativeTarget;
			buildConfigurationList = E1C198B3296B8C57003F244B /* Build configuration list for PBXNativeTarget "MyBlogTests" */;
			buildPhases = (
				E1C19898296B8C57003F244B /* Sources */,
				E1C19899296B8C57003F244B /* Frameworks */,
				E1C1989A296B8C57003F244B /* Resources */,
			);
			buildRules = (
			);
			dependencies = (
				E1C1989E296B8C57003F244B /* PBXTargetDependency */,
			);
			name = MyBlogTests;
			productName = MyBlogTests;
			productReference = E1C1989C296B8C57003F244B /* MyBlogTests.xctest */;
			productType = "com.apple.product-type.bundle.unit-test";
		};
		E1C198A5296B8C57003F244B /* MyBlogUITests */ = {
			isa = PBXNativeTarget;
			buildConfigurationList = E1C198B6296B8C57003F244B /* Build configuration list for PBXNativeTarget "MyBlogUITests" */;
			buildPhases = (
				E1C198A2296B8C57003F244B /* Sources */,
				E1C198A3296B8C57003F244B /* Frameworks */,
				E1C198A4296B8C57003F244B /* Resources */,
			);
			buildRules = (
			);
			dependencies = (
				E1C198A8296B8C57003F244B /* PBXTargetDependency */,
			);
			name = MyBlogUITests;
			productName = MyBlogUITests;
			productReference = E1C198A6296B8C57003F244B /* MyBlogUITests.xctest */;
			productType = "com.apple.product-type.bundle.ui-testing";
		};
/* End PBXNativeTarget section */

/* Begin PBXProject section */
		E1C1987E296B8C56003F244B /* Project object */ = {
			isa = PBXProject;
			attributes = {
				BuildIndependentTargetsInParallel = 1;
				LastSwiftUpdateCheck = 1400;
				LastUpgradeCheck = 1400;
				TargetAttributes = {
					E1C19885296B8C56003F244B = {
						CreatedOnToolsVersion = 14.0.1;
					};
					E1C1989B296B8C57003F244B = {
						CreatedOnToolsVersion = 14.0.1;
						TestTargetID = E1C19885296B8C56003F244B;
					};
					E1C198A5296B8C57003F244B = {
						CreatedOnToolsVersion = 14.0.1;
						TestTargetID = E1C19885296B8C56003F244B;
					};
				};
			};
			buildConfigurationList = E1C19881296B8C56003F244B /* Build configuration list for PBXProject "MyBlog" */;
			compatibilityVersion = "Xcode 14.0";
			developmentRegion = en;
			hasScannedForEncodings = 0;
			knownRegions = (
				en,
				Base,
			);
			mainGroup = E1C1987D296B8C56003F244B;
			packageReferences = (
				E1C198B9296B8E0D003F244B /* XCRemoteSwiftPackageReference "RxSwift" */,
				E1C198C0296B8E38003F244B /* XCRemoteSwiftPackageReference "Kingfisher" */,
				E1C198C3296B8E51003F244B /* XCRemoteSwiftPackageReference "SnapKit" */,
			);
			productRefGroup = E1C19887296B8C56003F244B /* Products */;
			projectDirPath = "";
			projectRoot = "";
			targets = (
				E1C19885296B8C56003F244B /* MyBlog */,
				E1C1989B296B8C57003F244B /* MyBlogTests */,
				E1C198A5296B8C57003F244B /* MyBlogUITests */,
			);
		};
/* End PBXProject section */

/* Begin PBXResourcesBuildPhase section */
		E1C19884296B8C56003F244B /* Resources */ = {
			isa = PBXResourcesBuildPhase;
			buildActionMask = 2147483647;
			files = (
				E1C19896296B8C57003F244B /* LaunchScreen.storyboard in Resources */,
				E1C19893296B8C57003F244B /* Assets.xcassets in Resources */,
			);
			runOnlyForDeploymentPostprocessing = 0;
		};
		E1C1989A296B8C57003F244B /* Resources */ = {
			isa = PBXResourcesBuildPhase;
			buildActionMask = 2147483647;
			files = (
			);
			runOnlyForDeploymentPostprocessing = 0;
		};
		E1C198A4296B8C57003F244B /* Resources */ = {
			isa = PBXResourcesBuildPhase;
			buildActionMask = 2147483647;
			files = (
			);
			runOnlyForDeploymentPostprocessing = 0;
		};
/* End PBXResourcesBuildPhase section */

/* Begin PBXSourcesBuildPhase section */
		E1C19882296B8C56003F244B /* Sources */ = {
			isa = PBXSourcesBuildPhase;
			buildActionMask = 2147483647;
			files = (
				E1600C2D2B3E4C7B0088E27B /* FilterViewModel.swift in Sources */,
				E1C198C7296B8E7F003F244B /* MainViewController.swift in Sources */,
				E1C198CF296B98BD003F244B /* BlogListCell.swift in Sources */,
				E19D9A09296E37BE00B3A972 /* DKBlog.swift in Sources */,
				E1C198CD296B98A0003F244B /* BlogList.swift in Sources */,
				E19D9A0C296E3BE400B3A972 /* SearchBlogAPI.swift in Sources */,
				E1C198D1296B98C3003F244B /* BlogListCellData.swift in Sources */,
				E1C198C9296B8FAB003F244B /* SearchBar.swift in Sources */,
				E1C1988A296B8C56003F244B /* AppDelegate.swift in Sources */,
				E1C198CB296B961F003F244B /* FilterView.swift in Sources */,
				E1C1988C296B8C56003F244B /* SceneDelegate.swift in Sources */,
				E1600C2B2B3E4A580088E27B /* SearchBarViewModel.swift in Sources */,
				E19D9A0E296E3CDD00B3A972 /* SearchBlogNetwork.swift in Sources */,
				E175B1F5296CE16200C923DF /* AlertActionConvertible.swift in Sources */,
			);
			runOnlyForDeploymentPostprocessing = 0;
		};
		E1C19898296B8C57003F244B /* Sources */ = {
			isa = PBXSourcesBuildPhase;
			buildActionMask = 2147483647;
			files = (
				E1C198A1296B8C57003F244B /* MyBlogTests.swift in Sources */,
			);
			runOnlyForDeploymentPostprocessing = 0;
		};
		E1C198A2296B8C57003F244B /* Sources */ = {
			isa = PBXSourcesBuildPhase;
			buildActionMask = 2147483647;
			files = (
				E1C198AD296B8C57003F244B /* MyBlogUITestsLaunchTests.swift in Sources */,
				E1C198AB296B8C57003F244B /* MyBlogUITests.swift in Sources */,
			);
			runOnlyForDeploymentPostprocessing = 0;
		};
/* End PBXSourcesBuildPhase section */

/* Begin PBXTargetDependency section */
		E1C1989E296B8C57003F244B /* PBXTargetDependency */ = {
			isa = PBXTargetDependency;
			target = E1C19885296B8C56003F244B /* MyBlog */;
			targetProxy = E1C1989D296B8C57003F244B /* PBXContainerItemProxy */;
		};
		E1C198A8296B8C57003F244B /* PBXTargetDependency */ = {
			isa = PBXTargetDependency;
			target = E1C19885296B8C56003F244B /* MyBlog */;
			targetProxy = E1C198A7296B8C57003F244B /* PBXContainerItemProxy */;
		};
/* End PBXTargetDependency section */

/* Begin PBXVariantGroup section */
		E1C19894296B8C57003F244B /* LaunchScreen.storyboard */ = {
			isa = PBXVariantGroup;
			children = (
				E1C19895296B8C57003F244B /* Base */,
			);
			name = LaunchScreen.storyboard;
			sourceTree = "<group>";
		};
/* End PBXVariantGroup section */

/* Begin XCBuildConfiguration section */
		E1C198AE296B8C57003F244B /* Debug */ = {
			isa = XCBuildConfiguration;
			buildSettings = {
				ALWAYS_SEARCH_USER_PATHS = NO;
				CLANG_ANALYZER_NONNULL = YES;
				CLANG_ANALYZER_NUMBER_OBJECT_CONVERSION = YES_AGGRESSIVE;
				CLANG_CXX_LANGUAGE_STANDARD = "gnu++20";
				CLANG_ENABLE_MODULES = YES;
				CLANG_ENABLE_OBJC_ARC = YES;
				CLANG_ENABLE_OBJC_WEAK = YES;
				CLANG_WARN_BLOCK_CAPTURE_AUTORELEASING = YES;
				CLANG_WARN_BOOL_CONVERSION = YES;
				CLANG_WARN_COMMA = YES;
				CLANG_WARN_CONSTANT_CONVERSION = YES;
				CLANG_WARN_DEPRECATED_OBJC_IMPLEMENTATIONS = YES;
				CLANG_WARN_DIRECT_OBJC_ISA_USAGE = YES_ERROR;
				CLANG_WARN_DOCUMENTATION_COMMENTS = YES;
				CLANG_WARN_EMPTY_BODY = YES;
				CLANG_WARN_ENUM_CONVERSION = YES;
				CLANG_WARN_INFINITE_RECURSION = YES;
				CLANG_WARN_INT_CONVERSION = YES;
				CLANG_WARN_NON_LITERAL_NULL_CONVERSION = YES;
				CLANG_WARN_OBJC_IMPLICIT_RETAIN_SELF = YES;
				CLANG_WARN_OBJC_LITERAL_CONVERSION = YES;
				CLANG_WARN_OBJC_ROOT_CLASS = YES_ERROR;
				CLANG_WARN_QUOTED_INCLUDE_IN_FRAMEWORK_HEADER = YES;
				CLANG_WARN_RANGE_LOOP_ANALYSIS = YES;
				CLANG_WARN_STRICT_PROTOTYPES = YES;
				CLANG_WARN_SUSPICIOUS_MOVE = YES;
				CLANG_WARN_UNGUARDED_AVAILABILITY = YES_AGGRESSIVE;
				CLANG_WARN_UNREACHABLE_CODE = YES;
				CLANG_WARN__DUPLICATE_METHOD_MATCH = YES;
				COPY_PHASE_STRIP = NO;
				DEBUG_INFORMATION_FORMAT = dwarf;
				ENABLE_STRICT_OBJC_MSGSEND = YES;
				ENABLE_TESTABILITY = YES;
				GCC_C_LANGUAGE_STANDARD = gnu11;
				GCC_DYNAMIC_NO_PIC = NO;
				GCC_NO_COMMON_BLOCKS = YES;
				GCC_OPTIMIZATION_LEVEL = 0;
				GCC_PREPROCESSOR_DEFINITIONS = (
					"DEBUG=1",
					"$(inherited)",
				);
				GCC_WARN_64_TO_32_BIT_CONVERSION = YES;
				GCC_WARN_ABOUT_RETURN_TYPE = YES_ERROR;
				GCC_WARN_UNDECLARED_SELECTOR = YES;
				GCC_WARN_UNINITIALIZED_AUTOS = YES_AGGRESSIVE;
				GCC_WARN_UNUSED_FUNCTION = YES;
				GCC_WARN_UNUSED_VARIABLE = YES;
				IPHONEOS_DEPLOYMENT_TARGET = 16.0;
				MTL_ENABLE_DEBUG_INFO = INCLUDE_SOURCE;
				MTL_FAST_MATH = YES;
				ONLY_ACTIVE_ARCH = YES;
				SDKROOT = iphoneos;
				SWIFT_ACTIVE_COMPILATION_CONDITIONS = DEBUG;
				SWIFT_OPTIMIZATION_LEVEL = "-Onone";
			};
			name = Debug;
		};
		E1C198AF296B8C57003F244B /* Release */ = {
			isa = XCBuildConfiguration;
			buildSettings = {
				ALWAYS_SEARCH_USER_PATHS = NO;
				CLANG_ANALYZER_NONNULL = YES;
				CLANG_ANALYZER_NUMBER_OBJECT_CONVERSION = YES_AGGRESSIVE;
				CLANG_CXX_LANGUAGE_STANDARD = "gnu++20";
				CLANG_ENABLE_MODULES = YES;
				CLANG_ENABLE_OBJC_ARC = YES;
				CLANG_ENABLE_OBJC_WEAK = YES;
				CLANG_WARN_BLOCK_CAPTURE_AUTORELEASING = YES;
				CLANG_WARN_BOOL_CONVERSION = YES;
				CLANG_WARN_COMMA = YES;
				CLANG_WARN_CONSTANT_CONVERSION = YES;
				CLANG_WARN_DEPRECATED_OBJC_IMPLEMENTATIONS = YES;
				CLANG_WARN_DIRECT_OBJC_ISA_USAGE = YES_ERROR;
				CLANG_WARN_DOCUMENTATION_COMMENTS = YES;
				CLANG_WARN_EMPTY_BODY = YES;
				CLANG_WARN_ENUM_CONVERSION = YES;
				CLANG_WARN_INFINITE_RECURSION = YES;
				CLANG_WARN_INT_CONVERSION = YES;
				CLANG_WARN_NON_LITERAL_NULL_CONVERSION = YES;
				CLANG_WARN_OBJC_IMPLICIT_RETAIN_SELF = YES;
				CLANG_WARN_OBJC_LITERAL_CONVERSION = YES;
				CLANG_WARN_OBJC_ROOT_CLASS = YES_ERROR;
				CLANG_WARN_QUOTED_INCLUDE_IN_FRAMEWORK_HEADER = YES;
				CLANG_WARN_RANGE_LOOP_ANALYSIS = YES;
				CLANG_WARN_STRICT_PROTOTYPES = YES;
				CLANG_WARN_SUSPICIOUS_MOVE = YES;
				CLANG_WARN_UNGUARDED_AVAILABILITY = YES_AGGRESSIVE;
				CLANG_WARN_UNREACHABLE_CODE = YES;
				CLANG_WARN__DUPLICATE_METHOD_MATCH = YES;
				COPY_PHASE_STRIP = NO;
				DEBUG_INFORMATION_FORMAT = "dwarf-with-dsym";
				ENABLE_NS_ASSERTIONS = NO;
				ENABLE_STRICT_OBJC_MSGSEND = YES;
				GCC_C_LANGUAGE_STANDARD = gnu11;
				GCC_NO_COMMON_BLOCKS = YES;
				GCC_WARN_64_TO_32_BIT_CONVERSION = YES;
				GCC_WARN_ABOUT_RETURN_TYPE = YES_ERROR;
				GCC_WARN_UNDECLARED_SELECTOR = YES;
				GCC_WARN_UNINITIALIZED_AUTOS = YES_AGGRESSIVE;
				GCC_WARN_UNUSED_FUNCTION = YES;
				GCC_WARN_UNUSED_VARIABLE = YES;
				IPHONEOS_DEPLOYMENT_TARGET = 16.0;
				MTL_ENABLE_DEBUG_INFO = NO;
				MTL_FAST_MATH = YES;
				SDKROOT = iphoneos;
				SWIFT_COMPILATION_MODE = wholemodule;
				SWIFT_OPTIMIZATION_LEVEL = "-O";
				VALIDATE_PRODUCT = YES;
			};
			name = Release;
		};
		E1C198B1296B8C57003F244B /* Debug */ = {
			isa = XCBuildConfiguration;
			buildSettings = {
				ASSETCATALOG_COMPILER_APPICON_NAME = AppIcon;
				ASSETCATALOG_COMPILER_GLOBAL_ACCENT_COLOR_NAME = AccentColor;
				CODE_SIGN_STYLE = Automatic;
				CURRENT_PROJECT_VERSION = 1;
				DEVELOPMENT_TEAM = H84YUCF7F5;
				GENERATE_INFOPLIST_FILE = YES;
				INFOPLIST_FILE = MyBlog/Info.plist;
				INFOPLIST_KEY_UIApplicationSupportsIndirectInputEvents = YES;
				INFOPLIST_KEY_UILaunchStoryboardName = LaunchScreen;
				INFOPLIST_KEY_UISupportedInterfaceOrientations_iPad = "UIInterfaceOrientationPortrait UIInterfaceOrientationPortraitUpsideDown UIInterfaceOrientationLandscapeLeft UIInterfaceOrientationLandscapeRight";
				INFOPLIST_KEY_UISupportedInterfaceOrientations_iPhone = "UIInterfaceOrientationPortrait UIInterfaceOrientationLandscapeLeft UIInterfaceOrientationLandscapeRight";
				IPHONEOS_DEPLOYMENT_TARGET = 13.0;
				LD_RUNPATH_SEARCH_PATHS = (
					"$(inherited)",
					"@executable_path/Frameworks",
				);
				MARKETING_VERSION = 1.0;
				PRODUCT_BUNDLE_IDENTIFIER = com.bhooncoding.MyBlog;
				PRODUCT_NAME = "$(TARGET_NAME)";
				SWIFT_EMIT_LOC_STRINGS = YES;
				SWIFT_VERSION = 5.0;
				TARGETED_DEVICE_FAMILY = "1,2";
			};
			name = Debug;
		};
		E1C198B2296B8C57003F244B /* Release */ = {
			isa = XCBuildConfiguration;
			buildSettings = {
				ASSETCATALOG_COMPILER_APPICON_NAME = AppIcon;
				ASSETCATALOG_COMPILER_GLOBAL_ACCENT_COLOR_NAME = AccentColor;
				CODE_SIGN_STYLE = Automatic;
				CURRENT_PROJECT_VERSION = 1;
				DEVELOPMENT_TEAM = H84YUCF7F5;
				GENERATE_INFOPLIST_FILE = YES;
				INFOPLIST_FILE = MyBlog/Info.plist;
				INFOPLIST_KEY_UIApplicationSupportsIndirectInputEvents = YES;
				INFOPLIST_KEY_UILaunchStoryboardName = LaunchScreen;
				INFOPLIST_KEY_UISupportedInterfaceOrientations_iPad = "UIInterfaceOrientationPortrait UIInterfaceOrientationPortraitUpsideDown UIInterfaceOrientationLandscapeLeft UIInterfaceOrientationLandscapeRight";
				INFOPLIST_KEY_UISupportedInterfaceOrientations_iPhone = "UIInterfaceOrientationPortrait UIInterfaceOrientationLandscapeLeft UIInterfaceOrientationLandscapeRight";
				IPHONEOS_DEPLOYMENT_TARGET = 13.0;
				LD_RUNPATH_SEARCH_PATHS = (
					"$(inherited)",
					"@executable_path/Frameworks",
				);
				MARKETING_VERSION = 1.0;
				PRODUCT_BUNDLE_IDENTIFIER = com.bhooncoding.MyBlog;
				PRODUCT_NAME = "$(TARGET_NAME)";
				SWIFT_EMIT_LOC_STRINGS = YES;
				SWIFT_VERSION = 5.0;
				TARGETED_DEVICE_FAMILY = "1,2";
			};
			name = Release;
		};
		E1C198B4296B8C57003F244B /* Debug */ = {
			isa = XCBuildConfiguration;
			buildSettings = {
				ALWAYS_EMBED_SWIFT_STANDARD_LIBRARIES = YES;
				BUNDLE_LOADER = "$(TEST_HOST)";
				CODE_SIGN_STYLE = Automatic;
				CURRENT_PROJECT_VERSION = 1;
				DEVELOPMENT_TEAM = H84YUCF7F5;
				GENERATE_INFOPLIST_FILE = YES;
				IPHONEOS_DEPLOYMENT_TARGET = 16.0;
				MARKETING_VERSION = 1.0;
				PRODUCT_BUNDLE_IDENTIFIER = com.bhooncoding.MyBlogTests;
				PRODUCT_NAME = "$(TARGET_NAME)";
				SWIFT_EMIT_LOC_STRINGS = NO;
				SWIFT_VERSION = 5.0;
				TARGETED_DEVICE_FAMILY = "1,2";
				TEST_HOST = "$(BUILT_PRODUCTS_DIR)/MyBlog.app/$(BUNDLE_EXECUTABLE_FOLDER_PATH)/MyBlog";
			};
			name = Debug;
		};
		E1C198B5296B8C57003F244B /* Release */ = {
			isa = XCBuildConfiguration;
			buildSettings = {
				ALWAYS_EMBED_SWIFT_STANDARD_LIBRARIES = YES;
				BUNDLE_LOADER = "$(TEST_HOST)";
				CODE_SIGN_STYLE = Automatic;
				CURRENT_PROJECT_VERSION = 1;
				DEVELOPMENT_TEAM = H84YUCF7F5;
				GENERATE_INFOPLIST_FILE = YES;
				IPHONEOS_DEPLOYMENT_TARGET = 16.0;
				MARKETING_VERSION = 1.0;
				PRODUCT_BUNDLE_IDENTIFIER = com.bhooncoding.MyBlogTests;
				PRODUCT_NAME = "$(TARGET_NAME)";
				SWIFT_EMIT_LOC_STRINGS = NO;
				SWIFT_VERSION = 5.0;
				TARGETED_DEVICE_FAMILY = "1,2";
				TEST_HOST = "$(BUILT_PRODUCTS_DIR)/MyBlog.app/$(BUNDLE_EXECUTABLE_FOLDER_PATH)/MyBlog";
			};
			name = Release;
		};
		E1C198B7296B8C57003F244B /* Debug */ = {
			isa = XCBuildConfiguration;
			buildSettings = {
				ALWAYS_EMBED_SWIFT_STANDARD_LIBRARIES = YES;
				CODE_SIGN_STYLE = Automatic;
				CURRENT_PROJECT_VERSION = 1;
				DEVELOPMENT_TEAM = H84YUCF7F5;
				GENERATE_INFOPLIST_FILE = YES;
				MARKETING_VERSION = 1.0;
				PRODUCT_BUNDLE_IDENTIFIER = com.bhooncoding.MyBlogUITests;
				PRODUCT_NAME = "$(TARGET_NAME)";
				SWIFT_EMIT_LOC_STRINGS = NO;
				SWIFT_VERSION = 5.0;
				TARGETED_DEVICE_FAMILY = "1,2";
				TEST_TARGET_NAME = MyBlog;
			};
			name = Debug;
		};
		E1C198B8296B8C57003F244B /* Release */ = {
			isa = XCBuildConfiguration;
			buildSettings = {
				ALWAYS_EMBED_SWIFT_STANDARD_LIBRARIES = YES;
				CODE_SIGN_STYLE = Automatic;
				CURRENT_PROJECT_VERSION = 1;
				DEVELOPMENT_TEAM = H84YUCF7F5;
				GENERATE_INFOPLIST_FILE = YES;
				MARKETING_VERSION = 1.0;
				PRODUCT_BUNDLE_IDENTIFIER = com.bhooncoding.MyBlogUITests;
				PRODUCT_NAME = "$(TARGET_NAME)";
				SWIFT_EMIT_LOC_STRINGS = NO;
				SWIFT_VERSION = 5.0;
				TARGETED_DEVICE_FAMILY = "1,2";
				TEST_TARGET_NAME = MyBlog;
			};
			name = Release;
		};
/* End XCBuildConfiguration section */

/* Begin XCConfigurationList section */
		E1C19881296B8C56003F244B /* Build configuration list for PBXProject "MyBlog" */ = {
			isa = XCConfigurationList;
			buildConfigurations = (
				E1C198AE296B8C57003F244B /* Debug */,
				E1C198AF296B8C57003F244B /* Release */,
			);
			defaultConfigurationIsVisible = 0;
			defaultConfigurationName = Release;
		};
		E1C198B0296B8C57003F244B /* Build configuration list for PBXNativeTarget "MyBlog" */ = {
			isa = XCConfigurationList;
			buildConfigurations = (
				E1C198B1296B8C57003F244B /* Debug */,
				E1C198B2296B8C57003F244B /* Release */,
			);
			defaultConfigurationIsVisible = 0;
			defaultConfigurationName = Release;
		};
		E1C198B3296B8C57003F244B /* Build configuration list for PBXNativeTarget "MyBlogTests" */ = {
			isa = XCConfigurationList;
			buildConfigurations = (
				E1C198B4296B8C57003F244B /* Debug */,
				E1C198B5296B8C57003F244B /* Release */,
			);
			defaultConfigurationIsVisible = 0;
			defaultConfigurationName = Release;
		};
		E1C198B6296B8C57003F244B /* Build configuration list for PBXNativeTarget "MyBlogUITests" */ = {
			isa = XCConfigurationList;
			buildConfigurations = (
				E1C198B7296B8C57003F244B /* Debug */,
				E1C198B8296B8C57003F244B /* Release */,
			);
			defaultConfigurationIsVisible = 0;
			defaultConfigurationName = Release;
		};
/* End XCConfigurationList section */

/* Begin XCRemoteSwiftPackageReference section */
		E1C198B9296B8E0D003F244B /* XCRemoteSwiftPackageReference "RxSwift" */ = {
			isa = XCRemoteSwiftPackageReference;
			repositoryURL = "https://github.com/ReactiveX/RxSwift";
			requirement = {
				branch = main;
				kind = branch;
			};
		};
		E1C198C0296B8E38003F244B /* XCRemoteSwiftPackageReference "Kingfisher" */ = {
			isa = XCRemoteSwiftPackageReference;
			repositoryURL = "https://github.com/onevcat/Kingfisher";
			requirement = {
				branch = master;
				kind = branch;
			};
		};
		E1C198C3296B8E51003F244B /* XCRemoteSwiftPackageReference "SnapKit" */ = {
			isa = XCRemoteSwiftPackageReference;
			repositoryURL = "https://github.com/SnapKit/SnapKit";
			requirement = {
				branch = develop;
				kind = branch;
			};
		};
/* End XCRemoteSwiftPackageReference section */

/* Begin XCSwiftPackageProductDependency section */
		E1C198BA296B8E0D003F244B /* RxCocoa */ = {
			isa = XCSwiftPackageProductDependency;
			package = E1C198B9296B8E0D003F244B /* XCRemoteSwiftPackageReference "RxSwift" */;
			productName = RxCocoa;
		};
		E1C198BC296B8E0D003F244B /* RxRelay */ = {
			isa = XCSwiftPackageProductDependency;
			package = E1C198B9296B8E0D003F244B /* XCRemoteSwiftPackageReference "RxSwift" */;
			productName = RxRelay;
		};
		E1C198BE296B8E0D003F244B /* RxSwift */ = {
			isa = XCSwiftPackageProductDependency;
			package = E1C198B9296B8E0D003F244B /* XCRemoteSwiftPackageReference "RxSwift" */;
			productName = RxSwift;
		};
		E1C198C1296B8E38003F244B /* Kingfisher */ = {
			isa = XCSwiftPackageProductDependency;
			package = E1C198C0296B8E38003F244B /* XCRemoteSwiftPackageReference "Kingfisher" */;
			productName = Kingfisher;
		};
		E1C198C4296B8E51003F244B /* SnapKit */ = {
			isa = XCSwiftPackageProductDependency;
			package = E1C198C3296B8E51003F244B /* XCRemoteSwiftPackageReference "SnapKit" */;
			productName = SnapKit;
		};
/* End XCSwiftPackageProductDependency section */
	};
	rootObject = E1C1987E296B8C56003F244B /* Project object */;
}
